
Microsoft Visual Studio Solution File, Format Version 12.00
# Visual Studio Version 16
VisualStudioVersion = 16.0.30218.91
MinimumVisualStudioVersion = 10.0.40219.1
Project("{FAE04EC0-301F-11D3-BF4B-00C04F79EFBC}") = "CanFlux", "CanFlux\CanFlux.csproj", "{44B63DA9-02F5-4868-A5E9-E1177D20B65E}"
EndProject
Global
	GlobalSection(SolutionConfigurationPlatforms) = preSolution
		Debug|Any CPU = Debug|Any CPU
		Release|Any CPU = Release|Any CPU
	EndGlobalSection
	GlobalSection(ProjectConfigurationPlatforms) = postSolution
		{44B63DA9-02F5-4868-A5E9-E1177D20B65E}.Debug|Any CPU.ActiveCfg = Debug|Any CPU
		{44B63DA9-02F5-4868-A5E9-E1177D20B65E}.Debug|Any CPU.Build.0 = Debug|Any CPU
		{44B63DA9-02F5-4868-A5E9-E1177D20B65E}.Release|Any CPU.ActiveCfg = Release|Any CPU
		{44B63DA9-02F5-4868-A5E9-E1177D20B65E}.Release|Any CPU.Build.0 = Release|Any CPU
	EndGlobalSection
	GlobalSection(SolutionProperties) = preSolution
		HideSolutionNode = FALSE
	EndGlobalSection
	GlobalSection(ExtensibilityGlobals) = postSolution
		SolutionGuid = {0E79AF75-1DBE-407D-A4FD-247ECDA1BA7A}
	EndGlobalSection
EndGlobal
